
Microsoft Visual Studio Solution File, Format Version 12.00
# Visual Studio Version 16
VisualStudioVersion = 16.0.29806.167
MinimumVisualStudioVersion = 10.0.40219.1
Project("{FAE04EC0-301F-11D3-BF4B-00C04F79EFBC}") = "PixelArtAPI", "PixelArtAPI\PixelArtAPI.csproj", "{326E1AC4-BDD6-41E7-8A7B-3BF7677E4641}"
EndProject
Global
	GlobalSection(SolutionConfigurationPlatforms) = preSolution
		Debug|Any CPU = Debug|Any CPU
		Release|Any CPU = Release|Any CPU
	EndGlobalSection
	GlobalSection(ProjectConfigurationPlatforms) = postSolution
		{326E1AC4-BDD6-41E7-8A7B-3BF7677E4641}.Debug|Any CPU.ActiveCfg = Debug|Any CPU
		{326E1AC4-BDD6-41E7-8A7B-3BF7677E4641}.Debug|Any CPU.Build.0 = Debug|Any CPU
		{326E1AC4-BDD6-41E7-8A7B-3BF7677E4641}.Release|Any CPU.ActiveCfg = Release|Any CPU
		{326E1AC4-BDD6-41E7-8A7B-3BF7677E4641}.Release|Any CPU.Build.0 = Release|Any CPU
	EndGlobalSection
	GlobalSection(SolutionProperties) = preSolution
		HideSolutionNode = FALSE
	EndGlobalSection
	GlobalSection(ExtensibilityGlobals) = postSolution
		SolutionGuid = {74E7154D-AC17-4966-A09F-D750D77BC00D}
	EndGlobalSection
EndGlobal
